
Microsoft Visual Studio Solution File, Format Version 11.00
# Visual Studio 2010
Project("{FAE04EC0-301F-11D3-BF4B-00C04F79EFBC}") = "GameRevision.GW2Emu.CodeWriter", "src\GameRevision.GW2Emu.CodeWriter\GameRevision.GW2Emu.CodeWriter.csproj", "{6BD519A4-FB5E-41A6-ADA0-60374B6A1E09}"
EndProject
Project("{FAE04EC0-301F-11D3-BF4B-00C04F79EFBC}") = "GameRevision.GW2Emu.Common", "src\GameRevision.GW2Emu.Common\GameRevision.GW2Emu.Common.csproj", "{B75C44D7-942E-49BF-BE00-CECBA9E97CB9}"
EndProject
Project("{FAE04EC0-301F-11D3-BF4B-00C04F79EFBC}") = "GameRevision.GW2Emu.GameServer", "src\GameRevision.GW2Emu.GameServer\GameRevision.GW2Emu.GameServer.csproj", "{27FA2BE7-EEDD-4A1F-89DC-D338D89C500E}"
EndProject
Project("{FAE04EC0-301F-11D3-BF4B-00C04F79EFBC}") = "GameRevision.GW2Emu.LoginServer", "src\GameRevision.GW2Emu.LoginServer\GameRevision.GW2Emu.LoginServer.csproj", "{925E3982-B8B0-4EF9-9842-722FD0B2940F}"
EndProject
Project("{FAE04EC0-301F-11D3-BF4B-00C04F79EFBC}") = "GameRevision.GW2Emu.Common.Tests", "test\GameRevision.GW2Emu.Common.Tests\GameRevision.GW2Emu.Common.Tests.csproj", "{1AA5382F-13DE-4205-A6E9-5BBDE0C55BE4}"
EndProject
Global
	GlobalSection(SolutionConfigurationPlatforms) = preSolution
		Debug|Any CPU = Debug|Any CPU
		Debug|Mixed Platforms = Debug|Mixed Platforms
		Debug|x86 = Debug|x86
		Release|Any CPU = Release|Any CPU
		Release|Mixed Platforms = Release|Mixed Platforms
		Release|x86 = Release|x86
	EndGlobalSection
	GlobalSection(ProjectConfigurationPlatforms) = postSolution
		{1AA5382F-13DE-4205-A6E9-5BBDE0C55BE4}.Debug|Any CPU.ActiveCfg = Debug|Any CPU
		{1AA5382F-13DE-4205-A6E9-5BBDE0C55BE4}.Debug|Any CPU.Build.0 = Debug|Any CPU
		{1AA5382F-13DE-4205-A6E9-5BBDE0C55BE4}.Debug|Mixed Platforms.ActiveCfg = Debug|Any CPU
		{1AA5382F-13DE-4205-A6E9-5BBDE0C55BE4}.Debug|Mixed Platforms.Build.0 = Debug|Any CPU
		{1AA5382F-13DE-4205-A6E9-5BBDE0C55BE4}.Debug|x86.ActiveCfg = Debug|Any CPU
		{1AA5382F-13DE-4205-A6E9-5BBDE0C55BE4}.Debug|x86.Build.0 = Debug|Any CPU
		{1AA5382F-13DE-4205-A6E9-5BBDE0C55BE4}.Release|Any CPU.ActiveCfg = Release|Any CPU
		{1AA5382F-13DE-4205-A6E9-5BBDE0C55BE4}.Release|Any CPU.Build.0 = Release|Any CPU
		{1AA5382F-13DE-4205-A6E9-5BBDE0C55BE4}.Release|Mixed Platforms.ActiveCfg = Release|Any CPU
		{1AA5382F-13DE-4205-A6E9-5BBDE0C55BE4}.Release|Mixed Platforms.Build.0 = Release|Any CPU
		{1AA5382F-13DE-4205-A6E9-5BBDE0C55BE4}.Release|x86.ActiveCfg = Release|Any CPU
		{1AA5382F-13DE-4205-A6E9-5BBDE0C55BE4}.Release|x86.Build.0 = Release|Any CPU
		{27FA2BE7-EEDD-4A1F-89DC-D338D89C500E}.Debug|Any CPU.ActiveCfg = Debug|Any CPU
		{27FA2BE7-EEDD-4A1F-89DC-D338D89C500E}.Debug|Mixed Platforms.ActiveCfg = Debug|Any CPU
		{27FA2BE7-EEDD-4A1F-89DC-D338D89C500E}.Debug|Mixed Platforms.Build.0 = Debug|Any CPU
		{27FA2BE7-EEDD-4A1F-89DC-D338D89C500E}.Debug|x86.ActiveCfg = Debug|Any CPU
		{27FA2BE7-EEDD-4A1F-89DC-D338D89C500E}.Debug|x86.Build.0 = Debug|Any CPU
		{27FA2BE7-EEDD-4A1F-89DC-D338D89C500E}.Release|Any CPU.ActiveCfg = Release|Any CPU
		{27FA2BE7-EEDD-4A1F-89DC-D338D89C500E}.Release|Any CPU.Build.0 = Release|Any CPU
		{27FA2BE7-EEDD-4A1F-89DC-D338D89C500E}.Release|Mixed Platforms.ActiveCfg = Release|Any CPU
		{27FA2BE7-EEDD-4A1F-89DC-D338D89C500E}.Release|Mixed Platforms.Build.0 = Release|Any CPU
		{27FA2BE7-EEDD-4A1F-89DC-D338D89C500E}.Release|x86.ActiveCfg = Release|Any CPU
		{27FA2BE7-EEDD-4A1F-89DC-D338D89C500E}.Release|x86.Build.0 = Release|Any CPU
		{6BD519A4-FB5E-41A6-ADA0-60374B6A1E09}.Debug|Any CPU.ActiveCfg = Debug|Any CPU
		{6BD519A4-FB5E-41A6-ADA0-60374B6A1E09}.Debug|Mixed Platforms.ActiveCfg = Debug|Any CPU
		{6BD519A4-FB5E-41A6-ADA0-60374B6A1E09}.Debug|Mixed Platforms.Build.0 = Debug|Any CPU
		{6BD519A4-FB5E-41A6-ADA0-60374B6A1E09}.Debug|x86.ActiveCfg = Debug|x86
		{6BD519A4-FB5E-41A6-ADA0-60374B6A1E09}.Debug|x86.Build.0 = Debug|x86
		{6BD519A4-FB5E-41A6-ADA0-60374B6A1E09}.Release|Any CPU.ActiveCfg = Release|Any CPU
		{6BD519A4-FB5E-41A6-ADA0-60374B6A1E09}.Release|Any CPU.Build.0 = Release|Any CPU
		{6BD519A4-FB5E-41A6-ADA0-60374B6A1E09}.Release|Mixed Platforms.ActiveCfg = Release|Any CPU
		{6BD519A4-FB5E-41A6-ADA0-60374B6A1E09}.Release|Mixed Platforms.Build.0 = Release|Any CPU
		{6BD519A4-FB5E-41A6-ADA0-60374B6A1E09}.Release|x86.ActiveCfg = Release|x86
		{6BD519A4-FB5E-41A6-ADA0-60374B6A1E09}.Release|x86.Build.0 = Release|x86
		{925E3982-B8B0-4EF9-9842-722FD0B2940F}.Debug|Any CPU.ActiveCfg = Debug|Any CPU
		{925E3982-B8B0-4EF9-9842-722FD0B2940F}.Debug|Mixed Platforms.ActiveCfg = Debug|Any CPU
		{925E3982-B8B0-4EF9-9842-722FD0B2940F}.Debug|Mixed Platforms.Build.0 = Debug|Any CPU
		{925E3982-B8B0-4EF9-9842-722FD0B2940F}.Debug|x86.ActiveCfg = Debug|x86
		{925E3982-B8B0-4EF9-9842-722FD0B2940F}.Debug|x86.Build.0 = Debug|x86
		{925E3982-B8B0-4EF9-9842-722FD0B2940F}.Release|Any CPU.ActiveCfg = Release|Any CPU
		{925E3982-B8B0-4EF9-9842-722FD0B2940F}.Release|Any CPU.Build.0 = Release|Any CPU
		{925E3982-B8B0-4EF9-9842-722FD0B2940F}.Release|Mixed Platforms.ActiveCfg = Release|Any CPU
		{925E3982-B8B0-4EF9-9842-722FD0B2940F}.Release|Mixed Platforms.Build.0 = Release|Any CPU
		{925E3982-B8B0-4EF9-9842-722FD0B2940F}.Release|x86.ActiveCfg = Release|x86
		{925E3982-B8B0-4EF9-9842-722FD0B2940F}.Release|x86.Build.0 = Release|x86
		{B75C44D7-942E-49BF-BE00-CECBA9E97CB9}.Debug|Any CPU.ActiveCfg = Debug|Any CPU
		{B75C44D7-942E-49BF-BE00-CECBA9E97CB9}.Debug|Any CPU.Build.0 = Debug|Any CPU
		{B75C44D7-942E-49BF-BE00-CECBA9E97CB9}.Debug|Mixed Platforms.ActiveCfg = Debug|Any CPU
		{B75C44D7-942E-49BF-BE00-CECBA9E97CB9}.Debug|Mixed Platforms.Build.0 = Debug|Any CPU
		{B75C44D7-942E-49BF-BE00-CECBA9E97CB9}.Debug|x86.ActiveCfg = Debug|Any CPU
		{B75C44D7-942E-49BF-BE00-CECBA9E97CB9}.Debug|x86.Build.0 = Debug|Any CPU
		{B75C44D7-942E-49BF-BE00-CECBA9E97CB9}.Release|Any CPU.ActiveCfg = Release|Any CPU
		{B75C44D7-942E-49BF-BE00-CECBA9E97CB9}.Release|Any CPU.Build.0 = Release|Any CPU
		{B75C44D7-942E-49BF-BE00-CECBA9E97CB9}.Release|Mixed Platforms.ActiveCfg = Release|Any CPU
		{B75C44D7-942E-49BF-BE00-CECBA9E97CB9}.Release|Mixed Platforms.Build.0 = Release|Any CPU
		{B75C44D7-942E-49BF-BE00-CECBA9E97CB9}.Release|x86.ActiveCfg = Release|Any CPU
		{B75C44D7-942E-49BF-BE00-CECBA9E97CB9}.Release|x86.Build.0 = Release|Any CPU
	EndGlobalSection
	GlobalSection(MonoDevelopProperties) = preSolution
		StartupItems = $0
		$0.Item = src\GameRevision.GW2Emu.LoginServer\GameRevision.GW2Emu.LoginServer.csproj
		$0.Item = src\GameRevision.GW2Emu.GameServer\GameRevision.GW2Emu.GameServer.csproj
	EndGlobalSection
	GlobalSection(SolutionProperties) = preSolution
		HideSolutionNode = FALSE
	EndGlobalSection
EndGlobal
